// !$*UTF8*$!
{
	archiveVersion = 1;
	classes = {
	};
	objectVersion = 51;
	objects = {

/* Begin PBXBuildFile section */
		071B60C124111F860043B381 /* Block.swift in Sources */ = {isa = PBXBuildFile; fileRef = 071B60C024111F860043B381 /* Block.swift */; };
		0758202924112F3A008DE26F /* BlockBuilder.swift in Sources */ = {isa = PBXBuildFile; fileRef = 0758202824112F3A008DE26F /* BlockBuilder.swift */; };
		0758202B241136F0008DE26F /* PathHelper.swift in Sources */ = {isa = PBXBuildFile; fileRef = 0758202A241136F0008DE26F /* PathHelper.swift */; };
		0758202D241137FD008DE26F /* BlockType.swift in Sources */ = {isa = PBXBuildFile; fileRef = 0758202C241137FD008DE26F /* BlockType.swift */; };
		077C3471242305BD00E92A9E /* GameKit.framework in Frameworks */ = {isa = PBXBuildFile; fileRef = 077C3470242305BD00E92A9E /* GameKit.framework */; };
		0788D3D62423B0F2003EBE69 /* GameCenter.swift in Sources */ = {isa = PBXBuildFile; fileRef = 0788D3D52423B0F2003EBE69 /* GameCenter.swift */; };
		079C9B7124224406002EDEEE /* New Record .wav in Resources */ = {isa = PBXBuildFile; fileRef = 079C9B6B24224406002EDEEE /* New Record .wav */; };
		079C9B7224224406002EDEEE /* Block touch.wav in Resources */ = {isa = PBXBuildFile; fileRef = 079C9B6C24224406002EDEEE /* Block touch.wav */; };
		079C9B7324224406002EDEEE /* Lose.wav in Resources */ = {isa = PBXBuildFile; fileRef = 079C9B6D24224406002EDEEE /* Lose.wav */; };
		079C9B7524224406002EDEEE /* New Record with crowd.wav in Resources */ = {isa = PBXBuildFile; fileRef = 079C9B6F24224406002EDEEE /* New Record with crowd.wav */; };
		07AA2CDB241BC30300FE20E3 /* UserInfo.swift in Sources */ = {isa = PBXBuildFile; fileRef = 07AA2CDA241BC30300FE20E3 /* UserInfo.swift */; };
		07E0DF9F242B804C00B0B4EF /* GoogleService-Info.plist in Resources */ = {isa = PBXBuildFile; fileRef = 07E0DF9E242B804C00B0B4EF /* GoogleService-Info.plist */; };
		07EFFD29240E8E92008D517B /* AppDelegate.swift in Sources */ = {isa = PBXBuildFile; fileRef = 07EFFD28240E8E92008D517B /* AppDelegate.swift */; };
		07EFFD2B240E8E92008D517B /* GameScene.sks in Resources */ = {isa = PBXBuildFile; fileRef = 07EFFD2A240E8E92008D517B /* GameScene.sks */; };
		07EFFD2D240E8E92008D517B /* Actions.sks in Resources */ = {isa = PBXBuildFile; fileRef = 07EFFD2C240E8E92008D517B /* Actions.sks */; };
		07EFFD2F240E8E92008D517B /* GameScene.swift in Sources */ = {isa = PBXBuildFile; fileRef = 07EFFD2E240E8E92008D517B /* GameScene.swift */; };
		07EFFD31240E8E92008D517B /* GameViewController.swift in Sources */ = {isa = PBXBuildFile; fileRef = 07EFFD30240E8E92008D517B /* GameViewController.swift */; };
		07EFFD34240E8E92008D517B /* Main.storyboard in Resources */ = {isa = PBXBuildFile; fileRef = 07EFFD32240E8E92008D517B /* Main.storyboard */; };
		07EFFD36240E8E97008D517B /* Assets.xcassets in Resources */ = {isa = PBXBuildFile; fileRef = 07EFFD35240E8E97008D517B /* Assets.xcassets */; };
		07EFFD39240E8E97008D517B /* LaunchScreen.storyboard in Resources */ = {isa = PBXBuildFile; fileRef = 07EFFD37240E8E97008D517B /* LaunchScreen.storyboard */; };
		394BDEAC2421AB2E00117290 /* AudioManager.swift in Sources */ = {isa = PBXBuildFile; fileRef = 394BDEAB2421AB2E00117290 /* AudioManager.swift */; };
		BF04E3C5C6156B477F783EC6 /* Pods_testePhysics.framework in Frameworks */ = {isa = PBXBuildFile; fileRef = 9FEE4D044313EBCE5ED3CD90 /* Pods_testePhysics.framework */; };
/* End PBXBuildFile section */

/* Begin PBXFileReference section */
		071B60C024111F860043B381 /* Block.swift */ = {isa = PBXFileReference; lastKnownFileType = sourcecode.swift; path = Block.swift; sourceTree = "<group>"; };
		0758202824112F3A008DE26F /* BlockBuilder.swift */ = {isa = PBXFileReference; lastKnownFileType = sourcecode.swift; path = BlockBuilder.swift; sourceTree = "<group>"; };
		0758202A241136F0008DE26F /* PathHelper.swift */ = {isa = PBXFileReference; lastKnownFileType = sourcecode.swift; path = PathHelper.swift; sourceTree = "<group>"; };
		0758202C241137FD008DE26F /* BlockType.swift */ = {isa = PBXFileReference; lastKnownFileType = sourcecode.swift; path = BlockType.swift; sourceTree = "<group>"; };
		077C3470242305BD00E92A9E /* GameKit.framework */ = {isa = PBXFileReference; lastKnownFileType = wrapper.framework; name = GameKit.framework; path = System/Library/Frameworks/GameKit.framework; sourceTree = SDKROOT; };
		077C3476242312A900E92A9E /* Towers Music.wav */ = {isa = PBXFileReference; lastKnownFileType = audio.wav; path = "Towers Music.wav"; sourceTree = "<group>"; };
		077C3477242312A900E92A9E /* Block Out.wav */ = {isa = PBXFileReference; lastKnownFileType = audio.wav; path = "Block Out.wav"; sourceTree = "<group>"; };
		0788D3D52423B0F2003EBE69 /* GameCenter.swift */ = {isa = PBXFileReference; lastKnownFileType = sourcecode.swift; path = GameCenter.swift; sourceTree = "<group>"; };
		079C9B68242242C2002EDEEE /* AudioManager.swift */ = {isa = PBXFileReference; fileEncoding = 4; lastKnownFileType = sourcecode.swift; path = AudioManager.swift; sourceTree = "<group>"; };
		079C9B6B24224406002EDEEE /* New Record .wav */ = {isa = PBXFileReference; lastKnownFileType = audio.wav; path = "New Record .wav"; sourceTree = "<group>"; };
		079C9B6C24224406002EDEEE /* Block touch.wav */ = {isa = PBXFileReference; lastKnownFileType = audio.wav; path = "Block touch.wav"; sourceTree = "<group>"; };
		079C9B6D24224406002EDEEE /* Lose.wav */ = {isa = PBXFileReference; lastKnownFileType = audio.wav; path = Lose.wav; sourceTree = "<group>"; };
		079C9B6F24224406002EDEEE /* New Record with crowd.wav */ = {isa = PBXFileReference; lastKnownFileType = audio.wav; path = "New Record with crowd.wav"; sourceTree = "<group>"; };
		07AA2CDA241BC30300FE20E3 /* UserInfo.swift */ = {isa = PBXFileReference; lastKnownFileType = sourcecode.swift; path = UserInfo.swift; sourceTree = "<group>"; };
		07E0DF9E242B804C00B0B4EF /* GoogleService-Info.plist */ = {isa = PBXFileReference; fileEncoding = 4; lastKnownFileType = text.plist.xml; path = "GoogleService-Info.plist"; sourceTree = "<group>"; };
		07EFFD25240E8E92008D517B /* Stack Towers.app */ = {isa = PBXFileReference; explicitFileType = wrapper.application; includeInIndex = 0; path = "Stack Towers.app"; sourceTree = BUILT_PRODUCTS_DIR; };
		07EFFD28240E8E92008D517B /* AppDelegate.swift */ = {isa = PBXFileReference; lastKnownFileType = sourcecode.swift; path = AppDelegate.swift; sourceTree = "<group>"; };
		07EFFD2A240E8E92008D517B /* GameScene.sks */ = {isa = PBXFileReference; lastKnownFileType = file.sks; path = GameScene.sks; sourceTree = "<group>"; };
		07EFFD2C240E8E92008D517B /* Actions.sks */ = {isa = PBXFileReference; lastKnownFileType = file.sks; path = Actions.sks; sourceTree = "<group>"; };
		07EFFD2E240E8E92008D517B /* GameScene.swift */ = {isa = PBXFileReference; lastKnownFileType = sourcecode.swift; path = GameScene.swift; sourceTree = "<group>"; };
		07EFFD30240E8E92008D517B /* GameViewController.swift */ = {isa = PBXFileReference; lastKnownFileType = sourcecode.swift; path = GameViewController.swift; sourceTree = "<group>"; };
		07EFFD33240E8E92008D517B /* Base */ = {isa = PBXFileReference; lastKnownFileType = file.storyboard; name = Base; path = Base.lproj/Main.storyboard; sourceTree = "<group>"; };
		07EFFD35240E8E97008D517B /* Assets.xcassets */ = {isa = PBXFileReference; lastKnownFileType = folder.assetcatalog; path = Assets.xcassets; sourceTree = "<group>"; };
		07EFFD38240E8E97008D517B /* Base */ = {isa = PBXFileReference; lastKnownFileType = file.storyboard; name = Base; path = Base.lproj/LaunchScreen.storyboard; sourceTree = "<group>"; };
		07EFFD3A240E8E97008D517B /* Info.plist */ = {isa = PBXFileReference; lastKnownFileType = text.plist.xml; path = Info.plist; sourceTree = "<group>"; };
		394BDEAB2421AB2E00117290 /* AudioManager.swift */ = {isa = PBXFileReference; lastKnownFileType = sourcecode.swift; path = AudioManager.swift; sourceTree = "<group>"; };
		9FEE4D044313EBCE5ED3CD90 /* Pods_testePhysics.framework */ = {isa = PBXFileReference; explicitFileType = wrapper.framework; includeInIndex = 0; path = Pods_testePhysics.framework; sourceTree = BUILT_PRODUCTS_DIR; };
		C90698E840811A1E8440755D /* Pods-testePhysics.release.xcconfig */ = {isa = PBXFileReference; includeInIndex = 1; lastKnownFileType = text.xcconfig; name = "Pods-testePhysics.release.xcconfig"; path = "Target Support Files/Pods-testePhysics/Pods-testePhysics.release.xcconfig"; sourceTree = "<group>"; };
		D7F93D87ECF45B39FA3E6669 /* Pods-testePhysics.debug.xcconfig */ = {isa = PBXFileReference; includeInIndex = 1; lastKnownFileType = text.xcconfig; name = "Pods-testePhysics.debug.xcconfig"; path = "Target Support Files/Pods-testePhysics/Pods-testePhysics.debug.xcconfig"; sourceTree = "<group>"; };
/* End PBXFileReference section */

/* Begin PBXFrameworksBuildPhase section */
		07EFFD22240E8E92008D517B /* Frameworks */ = {
			isa = PBXFrameworksBuildPhase;
			buildActionMask = 2147483647;
			files = (
				BF04E3C5C6156B477F783EC6 /* Pods_testePhysics.framework in Frameworks */,
				077C3471242305BD00E92A9E /* GameKit.framework in Frameworks */,
			);
			runOnlyForDeploymentPostprocessing = 0;
		};
/* End PBXFrameworksBuildPhase section */

/* Begin PBXGroup section */
		079C9B6A24224406002EDEEE /* Sounds */ = {
			isa = PBXGroup;
			children = (
				079C9B6B24224406002EDEEE /* New Record .wav */,
				077C3477242312A900E92A9E /* Block Out.wav */,
				077C3476242312A900E92A9E /* Towers Music.wav */,
				079C9B6C24224406002EDEEE /* Block touch.wav */,
				079C9B6D24224406002EDEEE /* Lose.wav */,
				079C9B6F24224406002EDEEE /* New Record with crowd.wav */,
			);
			path = Sounds;
			sourceTree = "<group>";
		};
		07EFFD1C240E8E92008D517B = {
			isa = PBXGroup;
			children = (
				07EFFD27240E8E92008D517B /* testePhysics */,
				07EFFD26240E8E92008D517B /* Products */,
				0EA8EA282B6CAE61429F909C /* Pods */,
				EA515D2F48C4699B65CA2057 /* Frameworks */,
			);
			sourceTree = "<group>";
		};
		07EFFD26240E8E92008D517B /* Products */ = {
			isa = PBXGroup;
			children = (
				07EFFD25240E8E92008D517B /* Stack Towers.app */,
			);
			name = Products;
			sourceTree = "<group>";
		};
		07EFFD27240E8E92008D517B /* testePhysics */ = {
			isa = PBXGroup;
			children = (
				07EFFD28240E8E92008D517B /* AppDelegate.swift */,
				07E0DF9E242B804C00B0B4EF /* GoogleService-Info.plist */,
				07EFFD2A240E8E92008D517B /* GameScene.sks */,
				07EFFD2C240E8E92008D517B /* Actions.sks */,
				079C9B68242242C2002EDEEE /* AudioManager.swift */,
				07EFFD2E240E8E92008D517B /* GameScene.swift */,
				07EFFD30240E8E92008D517B /* GameViewController.swift */,
				07EFFD32240E8E92008D517B /* Main.storyboard */,
				07EFFD35240E8E97008D517B /* Assets.xcassets */,
				079C9B6A24224406002EDEEE /* Sounds */,
				07EFFD37240E8E97008D517B /* LaunchScreen.storyboard */,
				07EFFD3A240E8E97008D517B /* Info.plist */,
				0758202824112F3A008DE26F /* BlockBuilder.swift */,
				071B60C024111F860043B381 /* Block.swift */,
				0758202A241136F0008DE26F /* PathHelper.swift */,
				0758202C241137FD008DE26F /* BlockType.swift */,
				07AA2CDA241BC30300FE20E3 /* UserInfo.swift */,
				394BDEAB2421AB2E00117290 /* AudioManager.swift */,
				0788D3D52423B0F2003EBE69 /* GameCenter.swift */,
			);
			path = testePhysics;
			sourceTree = "<group>";
		};
		0EA8EA282B6CAE61429F909C /* Pods */ = {
			isa = PBXGroup;
			children = (
				D7F93D87ECF45B39FA3E6669 /* Pods-testePhysics.debug.xcconfig */,
				C90698E840811A1E8440755D /* Pods-testePhysics.release.xcconfig */,
			);
			path = Pods;
			sourceTree = "<group>";
		};
		EA515D2F48C4699B65CA2057 /* Frameworks */ = {
			isa = PBXGroup;
			children = (
				077C3470242305BD00E92A9E /* GameKit.framework */,
				9FEE4D044313EBCE5ED3CD90 /* Pods_testePhysics.framework */,
			);
			name = Frameworks;
			sourceTree = "<group>";
		};
/* End PBXGroup section */

/* Begin PBXNativeTarget section */
		07EFFD24240E8E92008D517B /* testePhysics */ = {
			isa = PBXNativeTarget;
			buildConfigurationList = 07EFFD3D240E8E97008D517B /* Build configuration list for PBXNativeTarget "testePhysics" */;
			buildPhases = (
				E1912813481FE6D1E2BC91A3 /* [CP] Check Pods Manifest.lock */,
				07EFFD21240E8E92008D517B /* Sources */,
				07EFFD22240E8E92008D517B /* Frameworks */,
				07EFFD23240E8E92008D517B /* Resources */,
				668892AD78C715648A80D5A8 /* [CP] Embed Pods Frameworks */,
			);
			buildRules = (
			);
			dependencies = (
			);
			name = testePhysics;
			productName = testePhysics;
			productReference = 07EFFD25240E8E92008D517B /* Stack Towers.app */;
			productType = "com.apple.product-type.application";
		};
/* End PBXNativeTarget section */

/* Begin PBXProject section */
		07EFFD1D240E8E92008D517B /* Project object */ = {
			isa = PBXProject;
			attributes = {
				LastSwiftUpdateCheck = 1120;
				LastUpgradeCheck = 1120;
				ORGANIZATIONNAME = "Pedro Vargas";
				TargetAttributes = {
					07EFFD24240E8E92008D517B = {
						CreatedOnToolsVersion = 11.2.1;
					};
				};
			};
			buildConfigurationList = 07EFFD20240E8E92008D517B /* Build configuration list for PBXProject "testePhysics" */;
			compatibilityVersion = "Xcode 9.3";
			developmentRegion = en;
			hasScannedForEncodings = 0;
			knownRegions = (
				en,
				Base,
			);
			mainGroup = 07EFFD1C240E8E92008D517B;
			productRefGroup = 07EFFD26240E8E92008D517B /* Products */;
			projectDirPath = "";
			projectRoot = "";
			targets = (
				07EFFD24240E8E92008D517B /* testePhysics */,
			);
		};
/* End PBXProject section */

/* Begin PBXResourcesBuildPhase section */
		07EFFD23240E8E92008D517B /* Resources */ = {
			isa = PBXResourcesBuildPhase;
			buildActionMask = 2147483647;
			files = (
				07EFFD34240E8E92008D517B /* Main.storyboard in Resources */,
				079C9B7224224406002EDEEE /* Block touch.wav in Resources */,
				07EFFD2B240E8E92008D517B /* GameScene.sks in Resources */,
				07EFFD36240E8E97008D517B /* Assets.xcassets in Resources */,
				079C9B7524224406002EDEEE /* New Record with crowd.wav in Resources */,
				07EFFD39240E8E97008D517B /* LaunchScreen.storyboard in Resources */,
				079C9B7124224406002EDEEE /* New Record .wav in Resources */,
				07E0DF9F242B804C00B0B4EF /* GoogleService-Info.plist in Resources */,
				07EFFD2D240E8E92008D517B /* Actions.sks in Resources */,
				079C9B7324224406002EDEEE /* Lose.wav in Resources */,
			);
			runOnlyForDeploymentPostprocessing = 0;
		};
/* End PBXResourcesBuildPhase section */

/* Begin PBXShellScriptBuildPhase section */
		668892AD78C715648A80D5A8 /* [CP] Embed Pods Frameworks */ = {
			isa = PBXShellScriptBuildPhase;
			buildActionMask = 2147483647;
			files = (
			);
			inputFileListPaths = (
				"${PODS_ROOT}/Target Support Files/Pods-testePhysics/Pods-testePhysics-frameworks-${CONFIGURATION}-input-files.xcfilelist",
			);
			name = "[CP] Embed Pods Frameworks";
			outputFileListPaths = (
				"${PODS_ROOT}/Target Support Files/Pods-testePhysics/Pods-testePhysics-frameworks-${CONFIGURATION}-output-files.xcfilelist",
			);
			runOnlyForDeploymentPostprocessing = 0;
			shellPath = /bin/sh;
			shellScript = "\"${PODS_ROOT}/Target Support Files/Pods-testePhysics/Pods-testePhysics-frameworks.sh\"\n";
			showEnvVarsInLog = 0;
		};
		E1912813481FE6D1E2BC91A3 /* [CP] Check Pods Manifest.lock */ = {
			isa = PBXShellScriptBuildPhase;
			buildActionMask = 2147483647;
			files = (
			);
			inputFileListPaths = (
			);
			inputPaths = (
				"${PODS_PODFILE_DIR_PATH}/Podfile.lock",
				"${PODS_ROOT}/Manifest.lock",
			);
			name = "[CP] Check Pods Manifest.lock";
			outputFileListPaths = (
			);
			outputPaths = (
				"$(DERIVED_FILE_DIR)/Pods-testePhysics-checkManifestLockResult.txt",
			);
			runOnlyForDeploymentPostprocessing = 0;
			shellPath = /bin/sh;
			shellScript = "diff \"${PODS_PODFILE_DIR_PATH}/Podfile.lock\" \"${PODS_ROOT}/Manifest.lock\" > /dev/null\nif [ $? != 0 ] ; then\n    # print error to STDERR\n    echo \"error: The sandbox is not in sync with the Podfile.lock. Run 'pod install' or update your CocoaPods installation.\" >&2\n    exit 1\nfi\n# This output is used by Xcode 'outputs' to avoid re-running this script phase.\necho \"SUCCESS\" > \"${SCRIPT_OUTPUT_FILE_0}\"\n";
			showEnvVarsInLog = 0;
		};
/* End PBXShellScriptBuildPhase section */

/* Begin PBXSourcesBuildPhase section */
		07EFFD21240E8E92008D517B /* Sources */ = {
			isa = PBXSourcesBuildPhase;
			buildActionMask = 2147483647;
			files = (
				0758202B241136F0008DE26F /* PathHelper.swift in Sources */,
				0758202D241137FD008DE26F /* BlockType.swift in Sources */,
				07EFFD2F240E8E92008D517B /* GameScene.swift in Sources */,
				07EFFD31240E8E92008D517B /* GameViewController.swift in Sources */,
				071B60C124111F860043B381 /* Block.swift in Sources */,
				07AA2CDB241BC30300FE20E3 /* UserInfo.swift in Sources */,
				394BDEAC2421AB2E00117290 /* AudioManager.swift in Sources */,
				07EFFD29240E8E92008D517B /* AppDelegate.swift in Sources */,
				0788D3D62423B0F2003EBE69 /* GameCenter.swift in Sources */,
				0758202924112F3A008DE26F /* BlockBuilder.swift in Sources */,
			);
			runOnlyForDeploymentPostprocessing = 0;
		};
/* End PBXSourcesBuildPhase section */

/* Begin PBXVariantGroup section */
		07EFFD32240E8E92008D517B /* Main.storyboard */ = {
			isa = PBXVariantGroup;
			children = (
				07EFFD33240E8E92008D517B /* Base */,
			);
			name = Main.storyboard;
			sourceTree = "<group>";
		};
		07EFFD37240E8E97008D517B /* LaunchScreen.storyboard */ = {
			isa = PBXVariantGroup;
			children = (
				07EFFD38240E8E97008D517B /* Base */,
			);
			name = LaunchScreen.storyboard;
			sourceTree = "<group>";
		};
/* End PBXVariantGroup section */

/* Begin XCBuildConfiguration section */
		07EFFD3B240E8E97008D517B /* Debug */ = {
			isa = XCBuildConfiguration;
			buildSettings = {
				ALWAYS_SEARCH_USER_PATHS = NO;
				CLANG_ANALYZER_NONNULL = YES;
				CLANG_ANALYZER_NUMBER_OBJECT_CONVERSION = YES_AGGRESSIVE;
				CLANG_CXX_LANGUAGE_STANDARD = "gnu++14";
				CLANG_CXX_LIBRARY = "libc++";
				CLANG_ENABLE_MODULES = YES;
				CLANG_ENABLE_OBJC_ARC = YES;
				CLANG_ENABLE_OBJC_WEAK = YES;
				CLANG_WARN_BLOCK_CAPTURE_AUTORELEASING = YES;
				CLANG_WARN_BOOL_CONVERSION = YES;
				CLANG_WARN_COMMA = YES;
				CLANG_WARN_CONSTANT_CONVERSION = YES;
				CLANG_WARN_DEPRECATED_OBJC_IMPLEMENTATIONS = YES;
				CLANG_WARN_DIRECT_OBJC_ISA_USAGE = YES_ERROR;
				CLANG_WARN_DOCUMENTATION_COMMENTS = YES;
				CLANG_WARN_EMPTY_BODY = YES;
				CLANG_WARN_ENUM_CONVERSION = YES;
				CLANG_WARN_INFINITE_RECURSION = YES;
				CLANG_WARN_INT_CONVERSION = YES;
				CLANG_WARN_NON_LITERAL_NULL_CONVERSION = YES;
				CLANG_WARN_OBJC_IMPLICIT_RETAIN_SELF = YES;
				CLANG_WARN_OBJC_LITERAL_CONVERSION = YES;
				CLANG_WARN_OBJC_ROOT_CLASS = YES_ERROR;
				CLANG_WARN_RANGE_LOOP_ANALYSIS = YES;
				CLANG_WARN_STRICT_PROTOTYPES = YES;
				CLANG_WARN_SUSPICIOUS_MOVE = YES;
				CLANG_WARN_UNGUARDED_AVAILABILITY = YES_AGGRESSIVE;
				CLANG_WARN_UNREACHABLE_CODE = YES;
				CLANG_WARN__DUPLICATE_METHOD_MATCH = YES;
				COPY_PHASE_STRIP = NO;
				DEBUG_INFORMATION_FORMAT = dwarf;
				ENABLE_STRICT_OBJC_MSGSEND = YES;
				ENABLE_TESTABILITY = YES;
				GCC_C_LANGUAGE_STANDARD = gnu11;
				GCC_DYNAMIC_NO_PIC = NO;
				GCC_NO_COMMON_BLOCKS = YES;
				GCC_OPTIMIZATION_LEVEL = 0;
				GCC_PREPROCESSOR_DEFINITIONS = (
					"DEBUG=1",
					"$(inherited)",
				);
				GCC_WARN_64_TO_32_BIT_CONVERSION = YES;
				GCC_WARN_ABOUT_RETURN_TYPE = YES_ERROR;
				GCC_WARN_UNDECLARED_SELECTOR = YES;
				GCC_WARN_UNINITIALIZED_AUTOS = YES_AGGRESSIVE;
				GCC_WARN_UNUSED_FUNCTION = YES;
				GCC_WARN_UNUSED_VARIABLE = YES;
				IPHONEOS_DEPLOYMENT_TARGET = 13.2;
				MTL_ENABLE_DEBUG_INFO = INCLUDE_SOURCE;
				MTL_FAST_MATH = YES;
				ONLY_ACTIVE_ARCH = YES;
				SDKROOT = iphoneos;
				SWIFT_ACTIVE_COMPILATION_CONDITIONS = DEBUG;
				SWIFT_OPTIMIZATION_LEVEL = "-Onone";
			};
			name = Debug;
		};
		07EFFD3C240E8E97008D517B /* Release */ = {
			isa = XCBuildConfiguration;
			buildSettings = {
				ALWAYS_SEARCH_USER_PATHS = NO;
				CLANG_ANALYZER_NONNULL = YES;
				CLANG_ANALYZER_NUMBER_OBJECT_CONVERSION = YES_AGGRESSIVE;
				CLANG_CXX_LANGUAGE_STANDARD = "gnu++14";
				CLANG_CXX_LIBRARY = "libc++";
				CLANG_ENABLE_MODULES = YES;
				CLANG_ENABLE_OBJC_ARC = YES;
				CLANG_ENABLE_OBJC_WEAK = YES;
				CLANG_WARN_BLOCK_CAPTURE_AUTORELEASING = YES;
				CLANG_WARN_BOOL_CONVERSION = YES;
				CLANG_WARN_COMMA = YES;
				CLANG_WARN_CONSTANT_CONVERSION = YES;
				CLANG_WARN_DEPRECATED_OBJC_IMPLEMENTATIONS = YES;
				CLANG_WARN_DIRECT_OBJC_ISA_USAGE = YES_ERROR;
				CLANG_WARN_DOCUMENTATION_COMMENTS = YES;
				CLANG_WARN_EMPTY_BODY = YES;
				CLANG_WARN_ENUM_CONVERSION = YES;
				CLANG_WARN_INFINITE_RECURSION = YES;
				CLANG_WARN_INT_CONVERSION = YES;
				CLANG_WARN_NON_LITERAL_NULL_CONVERSION = YES;
				CLANG_WARN_OBJC_IMPLICIT_RETAIN_SELF = YES;
				CLANG_WARN_OBJC_LITERAL_CONVERSION = YES;
				CLANG_WARN_OBJC_ROOT_CLASS = YES_ERROR;
				CLANG_WARN_RANGE_LOOP_ANALYSIS = YES;
				CLANG_WARN_STRICT_PROTOTYPES = YES;
				CLANG_WARN_SUSPICIOUS_MOVE = YES;
				CLANG_WARN_UNGUARDED_AVAILABILITY = YES_AGGRESSIVE;
				CLANG_WARN_UNREACHABLE_CODE = YES;
				CLANG_WARN__DUPLICATE_METHOD_MATCH = YES;
				COPY_PHASE_STRIP = NO;
				DEBUG_INFORMATION_FORMAT = "dwarf-with-dsym";
				ENABLE_NS_ASSERTIONS = NO;
				ENABLE_STRICT_OBJC_MSGSEND = YES;
				GCC_C_LANGUAGE_STANDARD = gnu11;
				GCC_NO_COMMON_BLOCKS = YES;
				GCC_WARN_64_TO_32_BIT_CONVERSION = YES;
				GCC_WARN_ABOUT_RETURN_TYPE = YES_ERROR;
				GCC_WARN_UNDECLARED_SELECTOR = YES;
				GCC_WARN_UNINITIALIZED_AUTOS = YES_AGGRESSIVE;
				GCC_WARN_UNUSED_FUNCTION = YES;
				GCC_WARN_UNUSED_VARIABLE = YES;
				IPHONEOS_DEPLOYMENT_TARGET = 13.2;
				MTL_ENABLE_DEBUG_INFO = NO;
				MTL_FAST_MATH = YES;
				SDKROOT = iphoneos;
				SWIFT_COMPILATION_MODE = wholemodule;
				SWIFT_OPTIMIZATION_LEVEL = "-O";
				VALIDATE_PRODUCT = YES;
			};
			name = Release;
		};
		07EFFD3E240E8E97008D517B /* Debug */ = {
			isa = XCBuildConfiguration;
			baseConfigurationReference = D7F93D87ECF45B39FA3E6669 /* Pods-testePhysics.debug.xcconfig */;
			buildSettings = {
				ASSETCATALOG_COMPILER_APPICON_NAME = AppIcon;
				CODE_SIGN_STYLE = Automatic;
				CURRENT_PROJECT_VERSION = 1.4;
				DEVELOPMENT_TEAM = ZSLUMCNRNL;
				INFOPLIST_FILE = testePhysics/Info.plist;
				LD_RUNPATH_SEARCH_PATHS = (
					"$(inherited)",
					"@executable_path/Frameworks",
				);
				MARKETING_VERSION = 1.0;
				PRODUCT_BUNDLE_IDENTIFIER = com.PedroVargas.StackAdventure;
				PRODUCT_NAME = "Stack Towers";
				SWIFT_VERSION = 5.0;
				TARGETED_DEVICE_FAMILY = 1;
			};
			name = Debug;
		};
		07EFFD3F240E8E97008D517B /* Release */ = {
			isa = XCBuildConfiguration;
			baseConfigurationReference = C90698E840811A1E8440755D /* Pods-testePhysics.release.xcconfig */;
			buildSettings = {
				ASSETCATALOG_COMPILER_APPICON_NAME = AppIcon;
				CODE_SIGN_STYLE = Automatic;
				CURRENT_PROJECT_VERSION = 1.4;
				DEVELOPMENT_TEAM = ZSLUMCNRNL;
				INFOPLIST_FILE = testePhysics/Info.plist;
				LD_RUNPATH_SEARCH_PATHS = (
					"$(inherited)",
					"@executable_path/Frameworks",
				);
				MARKETING_VERSION = 1.0;
				PRODUCT_BUNDLE_IDENTIFIER = com.PedroVargas.StackAdventure;
				PRODUCT_NAME = "Stack Towers";
				SWIFT_VERSION = 5.0;
				TARGETED_DEVICE_FAMILY = 1;
			};
			name = Release;
		};
/* End XCBuildConfiguration section */

/* Begin XCConfigurationList section */
		07EFFD20240E8E92008D517B /* Build configuration list for PBXProject "testePhysics" */ = {
			isa = XCConfigurationList;
			buildConfigurations = (
				07EFFD3B240E8E97008D517B /* Debug */,
				07EFFD3C240E8E97008D517B /* Release */,
			);
			defaultConfigurationIsVisible = 0;
			defaultConfigurationName = Release;
		};
		07EFFD3D240E8E97008D517B /* Build configuration list for PBXNativeTarget "testePhysics" */ = {
			isa = XCConfigurationList;
			buildConfigurations = (
				07EFFD3E240E8E97008D517B /* Debug */,
				07EFFD3F240E8E97008D517B /* Release */,
			);
			defaultConfigurationIsVisible = 0;
			defaultConfigurationName = Release;
		};
/* End XCConfigurationList section */
	};
	rootObject = 07EFFD1D240E8E92008D517B /* Project object */;
}
